
Microsoft Visual Studio Solution File, Format Version 12.00
# Visual Studio 14
VisualStudioVersion = 14.0.23107.0
MinimumVisualStudioVersion = 10.0.40219.1
Project("{2150E333-8FDC-42A3-9474-1A3956D46DE8}") = "Addons", "Addons", "{FF51F1C1-9246-4AA7-B025-123826D05D94}"
EndProject
Project("{FAE04EC0-301F-11D3-BF4B-00C04F79EFBC}") = "VocabularyTest.Core", "VocabularyTest.Core\VocabularyTest.Core.csproj", "{2BF54B01-0D74-4DC5-8AD2-4EE91F16DEDA}"
EndProject
Project("{FAE04EC0-301F-11D3-BF4B-00C04F79EFBC}") = "ComponentLib.Controls", "..\..\Components\ComponentLib\ComponentLib.Controls\ComponentLib.Controls.csproj", "{B45ADB28-2EB3-4CFA-B240-82D8F58BEB22}"
EndProject
Project("{FAE04EC0-301F-11D3-BF4B-00C04F79EFBC}") = "ComponentLib.Core", "..\..\Components\ComponentLib\ComponentLib.Core\ComponentLib.Core.csproj", "{23E004DD-EEF4-4759-BF89-3AE0EC1DB6D8}"
EndProject
Project("{FAE04EC0-301F-11D3-BF4B-00C04F79EFBC}") = "ComponentLib", "..\..\Components\ComponentLib\ComponentLib\ComponentLib.csproj", "{31CB4175-F594-48AF-89A8-CFCA2EA3EE9F}"
EndProject
Project("{FAE04EC0-301F-11D3-BF4B-00C04F79EFBC}") = "VocabularyTest.Data", "VocabularyTest.Data\VocabularyTest.Data.csproj", "{0E35FF84-0DAF-4003-AAC8-BD366061040A}"
EndProject
Project("{FAE04EC0-301F-11D3-BF4B-00C04F79EFBC}") = "VocabularyTest.Addons", "VocabularyTest.Addons\VocabularyTest.Addons.csproj", "{CD9061A0-74BB-49AC-B66E-DAA04FCA0F94}"
EndProject
Project("{FAE04EC0-301F-11D3-BF4B-00C04F79EFBC}") = "VocabularyTest.Addons.Core", "VocabularyTest.Addons.Core\VocabularyTest.Addons.Core.csproj", "{4F3C695D-A520-435D-8500-02B9C60CEA5E}"
EndProject
Project("{FAE04EC0-301F-11D3-BF4B-00C04F79EFBC}") = "Global", "Addons\Global\Global.csproj", "{CF73BABA-EC4C-4097-8950-195117FB31DD}"
EndProject
Project("{FAE04EC0-301F-11D3-BF4B-00C04F79EFBC}") = "StartPage", "Addons\StartPage\StartPage.csproj", "{7C1916EA-C39F-416F-AB2F-D31F93500DD7}"
EndProject
Project("{FAE04EC0-301F-11D3-BF4B-00C04F79EFBC}") = "LessonsWindow", "Addons\LessonsWindow\LessonsWindow.csproj", "{AF73AA6A-EE57-4D8E-94CA-6509504599B0}"
EndProject
Project("{FAE04EC0-301F-11D3-BF4B-00C04F79EFBC}") = "WordTypeWindow", "Addons\WordTypeWindow\WordTypeWindow.csproj", "{F249335D-B91F-4C4B-94B3-B17680487D0B}"
EndProject
Project("{FAE04EC0-301F-11D3-BF4B-00C04F79EFBC}") = "GradeWindow", "Addons\GradeWindow\GradeWindow.csproj", "{CF7561D0-0D62-4AA2-AF31-D3D71CB8D4DE}"
EndProject
Project("{FAE04EC0-301F-11D3-BF4B-00C04F79EFBC}") = "VocabularyWindow", "Addons\VocabularyWindow\VocabularyWindow.csproj", "{22D1BA78-3389-4716-B2CF-FDC5BD1A7D9D}"
EndProject
Project("{2150E333-8FDC-42A3-9474-1A3956D46DE8}") = "Components", "Components", "{F99B9214-632B-4AEE-840D-937ED0E206D2}"
EndProject
Project("{FAE04EC0-301F-11D3-BF4B-00C04F79EFBC}") = "VocabularyTest", "VocabularyTest\VocabularyTest.csproj", "{9B9AC682-6673-4A58-9562-C50C0BB6D25B}"
EndProject
Project("{FAE04EC0-301F-11D3-BF4B-00C04F79EFBC}") = "LexicalWindow", "Addons\LexicalWindow\LexicalWindow.csproj", "{E572DC0C-EB49-4D03-84D5-8B8C07E8D582}"
EndProject
Global
	GlobalSection(SolutionConfigurationPlatforms) = preSolution
		Debug|Any CPU = Debug|Any CPU
		Debug|x86 = Debug|x86
		Release|Any CPU = Release|Any CPU
		Release|x86 = Release|x86
	EndGlobalSection
	GlobalSection(ProjectConfigurationPlatforms) = postSolution
		{2BF54B01-0D74-4DC5-8AD2-4EE91F16DEDA}.Debug|Any CPU.ActiveCfg = Debug|Any CPU
		{2BF54B01-0D74-4DC5-8AD2-4EE91F16DEDA}.Debug|Any CPU.Build.0 = Debug|Any CPU
		{2BF54B01-0D74-4DC5-8AD2-4EE91F16DEDA}.Debug|x86.ActiveCfg = Debug|Any CPU
		{2BF54B01-0D74-4DC5-8AD2-4EE91F16DEDA}.Debug|x86.Build.0 = Debug|Any CPU
		{2BF54B01-0D74-4DC5-8AD2-4EE91F16DEDA}.Release|Any CPU.ActiveCfg = Release|Any CPU
		{2BF54B01-0D74-4DC5-8AD2-4EE91F16DEDA}.Release|Any CPU.Build.0 = Release|Any CPU
		{2BF54B01-0D74-4DC5-8AD2-4EE91F16DEDA}.Release|x86.ActiveCfg = Release|Any CPU
		{2BF54B01-0D74-4DC5-8AD2-4EE91F16DEDA}.Release|x86.Build.0 = Release|Any CPU
		{B45ADB28-2EB3-4CFA-B240-82D8F58BEB22}.Debug|Any CPU.ActiveCfg = Debug|Any CPU
		{B45ADB28-2EB3-4CFA-B240-82D8F58BEB22}.Debug|Any CPU.Build.0 = Debug|Any CPU
		{B45ADB28-2EB3-4CFA-B240-82D8F58BEB22}.Debug|x86.ActiveCfg = Debug|x86
		{B45ADB28-2EB3-4CFA-B240-82D8F58BEB22}.Debug|x86.Build.0 = Debug|x86
		{B45ADB28-2EB3-4CFA-B240-82D8F58BEB22}.Release|Any CPU.ActiveCfg = Release|Any CPU
		{B45ADB28-2EB3-4CFA-B240-82D8F58BEB22}.Release|Any CPU.Build.0 = Release|Any CPU
		{B45ADB28-2EB3-4CFA-B240-82D8F58BEB22}.Release|x86.ActiveCfg = Release|x86
		{B45ADB28-2EB3-4CFA-B240-82D8F58BEB22}.Release|x86.Build.0 = Release|x86
		{23E004DD-EEF4-4759-BF89-3AE0EC1DB6D8}.Debug|Any CPU.ActiveCfg = Debug|Any CPU
		{23E004DD-EEF4-4759-BF89-3AE0EC1DB6D8}.Debug|Any CPU.Build.0 = Debug|Any CPU
		{23E004DD-EEF4-4759-BF89-3AE0EC1DB6D8}.Debug|x86.ActiveCfg = Debug|x86
		{23E004DD-EEF4-4759-BF89-3AE0EC1DB6D8}.Debug|x86.Build.0 = Debug|x86
		{23E004DD-EEF4-4759-BF89-3AE0EC1DB6D8}.Release|Any CPU.ActiveCfg = Release|Any CPU
		{23E004DD-EEF4-4759-BF89-3AE0EC1DB6D8}.Release|Any CPU.Build.0 = Release|Any CPU
		{23E004DD-EEF4-4759-BF89-3AE0EC1DB6D8}.Release|x86.ActiveCfg = Release|x86
		{23E004DD-EEF4-4759-BF89-3AE0EC1DB6D8}.Release|x86.Build.0 = Release|x86
		{31CB4175-F594-48AF-89A8-CFCA2EA3EE9F}.Debug|Any CPU.ActiveCfg = Debug|x86
		{31CB4175-F594-48AF-89A8-CFCA2EA3EE9F}.Debug|x86.ActiveCfg = Debug|x86
		{31CB4175-F594-48AF-89A8-CFCA2EA3EE9F}.Debug|x86.Build.0 = Debug|x86
		{31CB4175-F594-48AF-89A8-CFCA2EA3EE9F}.Release|Any CPU.ActiveCfg = Release|x86
		{31CB4175-F594-48AF-89A8-CFCA2EA3EE9F}.Release|x86.ActiveCfg = Release|x86
		{31CB4175-F594-48AF-89A8-CFCA2EA3EE9F}.Release|x86.Build.0 = Release|x86
		{0E35FF84-0DAF-4003-AAC8-BD366061040A}.Debug|Any CPU.ActiveCfg = Debug|Any CPU
		{0E35FF84-0DAF-4003-AAC8-BD366061040A}.Debug|Any CPU.Build.0 = Debug|Any CPU
		{0E35FF84-0DAF-4003-AAC8-BD366061040A}.Debug|x86.ActiveCfg = Debug|Any CPU
		{0E35FF84-0DAF-4003-AAC8-BD366061040A}.Debug|x86.Build.0 = Debug|Any CPU
		{0E35FF84-0DAF-4003-AAC8-BD366061040A}.Release|Any CPU.ActiveCfg = Release|Any CPU
		{0E35FF84-0DAF-4003-AAC8-BD366061040A}.Release|Any CPU.Build.0 = Release|Any CPU
		{0E35FF84-0DAF-4003-AAC8-BD366061040A}.Release|x86.ActiveCfg = Release|Any CPU
		{0E35FF84-0DAF-4003-AAC8-BD366061040A}.Release|x86.Build.0 = Release|Any CPU
		{CD9061A0-74BB-49AC-B66E-DAA04FCA0F94}.Debug|Any CPU.ActiveCfg = Debug|Any CPU
		{CD9061A0-74BB-49AC-B66E-DAA04FCA0F94}.Debug|Any CPU.Build.0 = Debug|Any CPU
		{CD9061A0-74BB-49AC-B66E-DAA04FCA0F94}.Debug|x86.ActiveCfg = Debug|Any CPU
		{CD9061A0-74BB-49AC-B66E-DAA04FCA0F94}.Debug|x86.Build.0 = Debug|Any CPU
		{CD9061A0-74BB-49AC-B66E-DAA04FCA0F94}.Release|Any CPU.ActiveCfg = Release|Any CPU
		{CD9061A0-74BB-49AC-B66E-DAA04FCA0F94}.Release|Any CPU.Build.0 = Release|Any CPU
		{CD9061A0-74BB-49AC-B66E-DAA04FCA0F94}.Release|x86.ActiveCfg = Release|Any CPU
		{CD9061A0-74BB-49AC-B66E-DAA04FCA0F94}.Release|x86.Build.0 = Release|Any CPU
		{4F3C695D-A520-435D-8500-02B9C60CEA5E}.Debug|Any CPU.ActiveCfg = Debug|Any CPU
		{4F3C695D-A520-435D-8500-02B9C60CEA5E}.Debug|Any CPU.Build.0 = Debug|Any CPU
		{4F3C695D-A520-435D-8500-02B9C60CEA5E}.Debug|x86.ActiveCfg = Debug|Any CPU
		{4F3C695D-A520-435D-8500-02B9C60CEA5E}.Debug|x86.Build.0 = Debug|Any CPU
		{4F3C695D-A520-435D-8500-02B9C60CEA5E}.Release|Any CPU.ActiveCfg = Release|Any CPU
		{4F3C695D-A520-435D-8500-02B9C60CEA5E}.Release|Any CPU.Build.0 = Release|Any CPU
		{4F3C695D-A520-435D-8500-02B9C60CEA5E}.Release|x86.ActiveCfg = Release|Any CPU
		{4F3C695D-A520-435D-8500-02B9C60CEA5E}.Release|x86.Build.0 = Release|Any CPU
		{CF73BABA-EC4C-4097-8950-195117FB31DD}.Debug|Any CPU.ActiveCfg = Debug|Any CPU
		{CF73BABA-EC4C-4097-8950-195117FB31DD}.Debug|Any CPU.Build.0 = Debug|Any CPU
		{CF73BABA-EC4C-4097-8950-195117FB31DD}.Debug|x86.ActiveCfg = Debug|Any CPU
		{CF73BABA-EC4C-4097-8950-195117FB31DD}.Debug|x86.Build.0 = Debug|Any CPU
		{CF73BABA-EC4C-4097-8950-195117FB31DD}.Release|Any CPU.ActiveCfg = Release|Any CPU
		{CF73BABA-EC4C-4097-8950-195117FB31DD}.Release|Any CPU.Build.0 = Release|Any CPU
		{CF73BABA-EC4C-4097-8950-195117FB31DD}.Release|x86.ActiveCfg = Release|Any CPU
		{CF73BABA-EC4C-4097-8950-195117FB31DD}.Release|x86.Build.0 = Release|Any CPU
		{7C1916EA-C39F-416F-AB2F-D31F93500DD7}.Debug|Any CPU.ActiveCfg = Debug|Any CPU
		{7C1916EA-C39F-416F-AB2F-D31F93500DD7}.Debug|Any CPU.Build.0 = Debug|Any CPU
		{7C1916EA-C39F-416F-AB2F-D31F93500DD7}.Debug|x86.ActiveCfg = Debug|Any CPU
		{7C1916EA-C39F-416F-AB2F-D31F93500DD7}.Debug|x86.Build.0 = Debug|Any CPU
		{7C1916EA-C39F-416F-AB2F-D31F93500DD7}.Release|Any CPU.ActiveCfg = Release|Any CPU
		{7C1916EA-C39F-416F-AB2F-D31F93500DD7}.Release|Any CPU.Build.0 = Release|Any CPU
		{7C1916EA-C39F-416F-AB2F-D31F93500DD7}.Release|x86.ActiveCfg = Release|Any CPU
		{7C1916EA-C39F-416F-AB2F-D31F93500DD7}.Release|x86.Build.0 = Release|Any CPU
		{AF73AA6A-EE57-4D8E-94CA-6509504599B0}.Debug|Any CPU.ActiveCfg = Debug|Any CPU
		{AF73AA6A-EE57-4D8E-94CA-6509504599B0}.Debug|Any CPU.Build.0 = Debug|Any CPU
		{AF73AA6A-EE57-4D8E-94CA-6509504599B0}.Debug|x86.ActiveCfg = Debug|Any CPU
		{AF73AA6A-EE57-4D8E-94CA-6509504599B0}.Debug|x86.Build.0 = Debug|Any CPU
		{AF73AA6A-EE57-4D8E-94CA-6509504599B0}.Release|Any CPU.ActiveCfg = Release|Any CPU
		{AF73AA6A-EE57-4D8E-94CA-6509504599B0}.Release|Any CPU.Build.0 = Release|Any CPU
		{AF73AA6A-EE57-4D8E-94CA-6509504599B0}.Release|x86.ActiveCfg = Release|Any CPU
		{AF73AA6A-EE57-4D8E-94CA-6509504599B0}.Release|x86.Build.0 = Release|Any CPU
		{F249335D-B91F-4C4B-94B3-B17680487D0B}.Debug|Any CPU.ActiveCfg = Debug|Any CPU
		{F249335D-B91F-4C4B-94B3-B17680487D0B}.Debug|Any CPU.Build.0 = Debug|Any CPU
		{F249335D-B91F-4C4B-94B3-B17680487D0B}.Debug|x86.ActiveCfg = Debug|Any CPU
		{F249335D-B91F-4C4B-94B3-B17680487D0B}.Debug|x86.Build.0 = Debug|Any CPU
		{F249335D-B91F-4C4B-94B3-B17680487D0B}.Release|Any CPU.ActiveCfg = Release|Any CPU
		{F249335D-B91F-4C4B-94B3-B17680487D0B}.Release|Any CPU.Build.0 = Release|Any CPU
		{F249335D-B91F-4C4B-94B3-B17680487D0B}.Release|x86.ActiveCfg = Release|Any CPU
		{F249335D-B91F-4C4B-94B3-B17680487D0B}.Release|x86.Build.0 = Release|Any CPU
		{CF7561D0-0D62-4AA2-AF31-D3D71CB8D4DE}.Debug|Any CPU.ActiveCfg = Debug|Any CPU
		{CF7561D0-0D62-4AA2-AF31-D3D71CB8D4DE}.Debug|Any CPU.Build.0 = Debug|Any CPU
		{CF7561D0-0D62-4AA2-AF31-D3D71CB8D4DE}.Debug|x86.ActiveCfg = Debug|Any CPU
		{CF7561D0-0D62-4AA2-AF31-D3D71CB8D4DE}.Debug|x86.Build.0 = Debug|Any CPU
		{CF7561D0-0D62-4AA2-AF31-D3D71CB8D4DE}.Release|Any CPU.ActiveCfg = Release|Any CPU
		{CF7561D0-0D62-4AA2-AF31-D3D71CB8D4DE}.Release|Any CPU.Build.0 = Release|Any CPU
		{CF7561D0-0D62-4AA2-AF31-D3D71CB8D4DE}.Release|x86.ActiveCfg = Release|Any CPU
		{CF7561D0-0D62-4AA2-AF31-D3D71CB8D4DE}.Release|x86.Build.0 = Release|Any CPU
		{22D1BA78-3389-4716-B2CF-FDC5BD1A7D9D}.Debug|Any CPU.ActiveCfg = Debug|Any CPU
		{22D1BA78-3389-4716-B2CF-FDC5BD1A7D9D}.Debug|Any CPU.Build.0 = Debug|Any CPU
		{22D1BA78-3389-4716-B2CF-FDC5BD1A7D9D}.Debug|x86.ActiveCfg = Debug|Any CPU
		{22D1BA78-3389-4716-B2CF-FDC5BD1A7D9D}.Debug|x86.Build.0 = Debug|Any CPU
		{22D1BA78-3389-4716-B2CF-FDC5BD1A7D9D}.Release|Any CPU.ActiveCfg = Release|Any CPU
		{22D1BA78-3389-4716-B2CF-FDC5BD1A7D9D}.Release|Any CPU.Build.0 = Release|Any CPU
		{22D1BA78-3389-4716-B2CF-FDC5BD1A7D9D}.Release|x86.ActiveCfg = Release|Any CPU
		{22D1BA78-3389-4716-B2CF-FDC5BD1A7D9D}.Release|x86.Build.0 = Release|Any CPU
		{9B9AC682-6673-4A58-9562-C50C0BB6D25B}.Debug|Any CPU.ActiveCfg = Debug|Any CPU
		{9B9AC682-6673-4A58-9562-C50C0BB6D25B}.Debug|Any CPU.Build.0 = Debug|Any CPU
		{9B9AC682-6673-4A58-9562-C50C0BB6D25B}.Debug|x86.ActiveCfg = Debug|Any CPU
		{9B9AC682-6673-4A58-9562-C50C0BB6D25B}.Debug|x86.Build.0 = Debug|Any CPU
		{9B9AC682-6673-4A58-9562-C50C0BB6D25B}.Release|Any CPU.ActiveCfg = Release|Any CPU
		{9B9AC682-6673-4A58-9562-C50C0BB6D25B}.Release|Any CPU.Build.0 = Release|Any CPU
		{9B9AC682-6673-4A58-9562-C50C0BB6D25B}.Release|x86.ActiveCfg = Release|Any CPU
		{9B9AC682-6673-4A58-9562-C50C0BB6D25B}.Release|x86.Build.0 = Release|Any CPU
		{E572DC0C-EB49-4D03-84D5-8B8C07E8D582}.Debug|Any CPU.ActiveCfg = Debug|Any CPU
		{E572DC0C-EB49-4D03-84D5-8B8C07E8D582}.Debug|Any CPU.Build.0 = Debug|Any CPU
		{E572DC0C-EB49-4D03-84D5-8B8C07E8D582}.Debug|x86.ActiveCfg = Debug|Any CPU
		{E572DC0C-EB49-4D03-84D5-8B8C07E8D582}.Debug|x86.Build.0 = Debug|Any CPU
		{E572DC0C-EB49-4D03-84D5-8B8C07E8D582}.Release|Any CPU.ActiveCfg = Release|Any CPU
		{E572DC0C-EB49-4D03-84D5-8B8C07E8D582}.Release|Any CPU.Build.0 = Release|Any CPU
		{E572DC0C-EB49-4D03-84D5-8B8C07E8D582}.Release|x86.ActiveCfg = Release|Any CPU
		{E572DC0C-EB49-4D03-84D5-8B8C07E8D582}.Release|x86.Build.0 = Release|Any CPU
	EndGlobalSection
	GlobalSection(SolutionProperties) = preSolution
		HideSolutionNode = FALSE
	EndGlobalSection
	GlobalSection(NestedProjects) = preSolution
		{B45ADB28-2EB3-4CFA-B240-82D8F58BEB22} = {F99B9214-632B-4AEE-840D-937ED0E206D2}
		{23E004DD-EEF4-4759-BF89-3AE0EC1DB6D8} = {F99B9214-632B-4AEE-840D-937ED0E206D2}
		{31CB4175-F594-48AF-89A8-CFCA2EA3EE9F} = {F99B9214-632B-4AEE-840D-937ED0E206D2}
		{CF73BABA-EC4C-4097-8950-195117FB31DD} = {FF51F1C1-9246-4AA7-B025-123826D05D94}
		{7C1916EA-C39F-416F-AB2F-D31F93500DD7} = {FF51F1C1-9246-4AA7-B025-123826D05D94}
		{AF73AA6A-EE57-4D8E-94CA-6509504599B0} = {FF51F1C1-9246-4AA7-B025-123826D05D94}
		{F249335D-B91F-4C4B-94B3-B17680487D0B} = {FF51F1C1-9246-4AA7-B025-123826D05D94}
		{CF7561D0-0D62-4AA2-AF31-D3D71CB8D4DE} = {FF51F1C1-9246-4AA7-B025-123826D05D94}
		{22D1BA78-3389-4716-B2CF-FDC5BD1A7D9D} = {FF51F1C1-9246-4AA7-B025-123826D05D94}
		{E572DC0C-EB49-4D03-84D5-8B8C07E8D582} = {FF51F1C1-9246-4AA7-B025-123826D05D94}
	EndGlobalSection
EndGlobal
